// !$*UTF8*$!
{
	archiveVersion = 1;
	classes = {
	};
	objectVersion = 56;
	objects = {

/* Begin PBXBuildFile section */
		CA15E89129F6F09800303889 /* Keys.plist in Resources */ = {isa = PBXBuildFile; fileRef = CA15E89029F6F09800303889 /* Keys.plist */; };
		CA3F73A929EDBCD1005321C8 /* ReelRadarApp.swift in Sources */ = {isa = PBXBuildFile; fileRef = CA3F73A829EDBCD1005321C8 /* ReelRadarApp.swift */; };
		CA3F73AB29EDBCD1005321C8 /* HomeView.swift in Sources */ = {isa = PBXBuildFile; fileRef = CA3F73AA29EDBCD1005321C8 /* HomeView.swift */; };
		CA3F73AD29EDBCD3005321C8 /* Assets.xcassets in Resources */ = {isa = PBXBuildFile; fileRef = CA3F73AC29EDBCD3005321C8 /* Assets.xcassets */; };
		CA3F73B029EDBCD3005321C8 /* Preview Assets.xcassets in Resources */ = {isa = PBXBuildFile; fileRef = CA3F73AF29EDBCD3005321C8 /* Preview Assets.xcassets */; };
		CA3F73BB29EDC0B4005321C8 /* APIService.swift in Sources */ = {isa = PBXBuildFile; fileRef = CA3F73BA29EDC0B4005321C8 /* APIService.swift */; };
		CA3F73BD29EDC3FE005321C8 /* Movie.swift in Sources */ = {isa = PBXBuildFile; fileRef = CA3F73BC29EDC3FE005321C8 /* Movie.swift */; };
		CA3F73BF29EDCDAE005321C8 /* MovieCardOverView.swift in Sources */ = {isa = PBXBuildFile; fileRef = CA3F73BE29EDCDAE005321C8 /* MovieCardOverView.swift */; };
		CA3F73C129EDDA3C005321C8 /* MovieListView.swift in Sources */ = {isa = PBXBuildFile; fileRef = CA3F73C029EDDA3C005321C8 /* MovieListView.swift */; };
		CA3F73C829EDF0AC005321C8 /* TabButtonStyle.swift in Sources */ = {isa = PBXBuildFile; fileRef = CA3F73C729EDF0AC005321C8 /* TabButtonStyle.swift */; };
		CA3F73CB29EDF2D7005321C8 /* HomeViewModel.swift in Sources */ = {isa = PBXBuildFile; fileRef = CA3F73CA29EDF2D7005321C8 /* HomeViewModel.swift */; };
		CA3F73CD29EDF330005321C8 /* HomeTabs.swift in Sources */ = {isa = PBXBuildFile; fileRef = CA3F73CC29EDF330005321C8 /* HomeTabs.swift */; };
		CA43B38729F4670B0079A681 /* ImageView.swift in Sources */ = {isa = PBXBuildFile; fileRef = CA43B38629F4670B0079A681 /* ImageView.swift */; };
		CA43B38929F46EB40079A681 /* MovieDetailView.swift in Sources */ = {isa = PBXBuildFile; fileRef = CA43B38829F46EB40079A681 /* MovieDetailView.swift */; };
		CA43B38C29F474E90079A681 /* String+Extension.swift in Sources */ = {isa = PBXBuildFile; fileRef = CA43B38B29F474E90079A681 /* String+Extension.swift */; };
		CA4512AD29EF52FC00931F9F /* Kingfisher in Frameworks */ = {isa = PBXBuildFile; productRef = CA4512AC29EF52FC00931F9F /* Kingfisher */; };
		CA8EB36029F066B700143B77 /* MoviePoster.swift in Sources */ = {isa = PBXBuildFile; fileRef = CA8EB35F29F066B700143B77 /* MoviePoster.swift */; };
		CA8EB36429F0708200143B77 /* MovieSection.swift in Sources */ = {isa = PBXBuildFile; fileRef = CA8EB36329F0708200143B77 /* MovieSection.swift */; };
		CAF4AB5829F6AC010019E115 /* CreditMember.swift in Sources */ = {isa = PBXBuildFile; fileRef = CAF4AB5729F6AC010019E115 /* CreditMember.swift */; };
		CAF4AB5C29F6C5680019E115 /* Launch Screen.storyboard in Resources */ = {isa = PBXBuildFile; fileRef = CAF4AB5B29F6C5680019E115 /* Launch Screen.storyboard */; };
/* End PBXBuildFile section */

/* Begin PBXFileReference section */
		CA15E89029F6F09800303889 /* Keys.plist */ = {isa = PBXFileReference; lastKnownFileType = text.plist.xml; path = Keys.plist; sourceTree = "<group>"; };
		CA3F73A529EDBCD1005321C8 /* ReelRadar.app */ = {isa = PBXFileReference; explicitFileType = wrapper.application; includeInIndex = 0; path = ReelRadar.app; sourceTree = BUILT_PRODUCTS_DIR; };
		CA3F73A829EDBCD1005321C8 /* ReelRadarApp.swift */ = {isa = PBXFileReference; lastKnownFileType = sourcecode.swift; path = ReelRadarApp.swift; sourceTree = "<group>"; };
		CA3F73AA29EDBCD1005321C8 /* HomeView.swift */ = {isa = PBXFileReference; lastKnownFileType = sourcecode.swift; path = HomeView.swift; sourceTree = "<group>"; };
		CA3F73AC29EDBCD3005321C8 /* Assets.xcassets */ = {isa = PBXFileReference; lastKnownFileType = folder.assetcatalog; path = Assets.xcassets; sourceTree = "<group>"; };
		CA3F73AF29EDBCD3005321C8 /* Preview Assets.xcassets */ = {isa = PBXFileReference; lastKnownFileType = folder.assetcatalog; path = "Preview Assets.xcassets"; sourceTree = "<group>"; };
		CA3F73B629EDBDA6005321C8 /* Info.plist */ = {isa = PBXFileReference; lastKnownFileType = text.plist; path = Info.plist; sourceTree = "<group>"; };
		CA3F73BA29EDC0B4005321C8 /* APIService.swift */ = {isa = PBXFileReference; lastKnownFileType = sourcecode.swift; path = APIService.swift; sourceTree = "<group>"; };
		CA3F73BC29EDC3FE005321C8 /* Movie.swift */ = {isa = PBXFileReference; lastKnownFileType = sourcecode.swift; path = Movie.swift; sourceTree = "<group>"; };
		CA3F73BE29EDCDAE005321C8 /* MovieCardOverView.swift */ = {isa = PBXFileReference; lastKnownFileType = sourcecode.swift; path = MovieCardOverView.swift; sourceTree = "<group>"; };
		CA3F73C029EDDA3C005321C8 /* MovieListView.swift */ = {isa = PBXFileReference; lastKnownFileType = sourcecode.swift; path = MovieListView.swift; sourceTree = "<group>"; };
		CA3F73C729EDF0AC005321C8 /* TabButtonStyle.swift */ = {isa = PBXFileReference; lastKnownFileType = sourcecode.swift; path = TabButtonStyle.swift; sourceTree = "<group>"; };
		CA3F73CA29EDF2D7005321C8 /* HomeViewModel.swift */ = {isa = PBXFileReference; lastKnownFileType = sourcecode.swift; path = HomeViewModel.swift; sourceTree = "<group>"; };
		CA3F73CC29EDF330005321C8 /* HomeTabs.swift */ = {isa = PBXFileReference; lastKnownFileType = sourcecode.swift; path = HomeTabs.swift; sourceTree = "<group>"; };
		CA43B38629F4670B0079A681 /* ImageView.swift */ = {isa = PBXFileReference; lastKnownFileType = sourcecode.swift; path = ImageView.swift; sourceTree = "<group>"; };
		CA43B38829F46EB40079A681 /* MovieDetailView.swift */ = {isa = PBXFileReference; lastKnownFileType = sourcecode.swift; path = MovieDetailView.swift; sourceTree = "<group>"; };
		CA43B38B29F474E90079A681 /* String+Extension.swift */ = {isa = PBXFileReference; lastKnownFileType = sourcecode.swift; path = "String+Extension.swift"; sourceTree = "<group>"; };
		CA8EB35F29F066B700143B77 /* MoviePoster.swift */ = {isa = PBXFileReference; lastKnownFileType = sourcecode.swift; path = MoviePoster.swift; sourceTree = "<group>"; };
		CA8EB36329F0708200143B77 /* MovieSection.swift */ = {isa = PBXFileReference; lastKnownFileType = sourcecode.swift; path = MovieSection.swift; sourceTree = "<group>"; };
		CAF4AB5729F6AC010019E115 /* CreditMember.swift */ = {isa = PBXFileReference; lastKnownFileType = sourcecode.swift; path = CreditMember.swift; sourceTree = "<group>"; };
		CAF4AB5B29F6C5680019E115 /* Launch Screen.storyboard */ = {isa = PBXFileReference; lastKnownFileType = file.storyboard; path = "Launch Screen.storyboard"; sourceTree = "<group>"; };
/* End PBXFileReference section */

/* Begin PBXFrameworksBuildPhase section */
		CA3F73A229EDBCD1005321C8 /* Frameworks */ = {
			isa = PBXFrameworksBuildPhase;
			buildActionMask = 2147483647;
			files = (
				CA4512AD29EF52FC00931F9F /* Kingfisher in Frameworks */,
			);
			runOnlyForDeploymentPostprocessing = 0;
		};
/* End PBXFrameworksBuildPhase section */

/* Begin PBXGroup section */
		CA3F739C29EDBCD1005321C8 = {
			isa = PBXGroup;
			children = (
				CA3F73A729EDBCD1005321C8 /* ReelRadar */,
				CA3F73A629EDBCD1005321C8 /* Products */,
			);
			sourceTree = "<group>";
		};
		CA3F73A629EDBCD1005321C8 /* Products */ = {
			isa = PBXGroup;
			children = (
				CA3F73A529EDBCD1005321C8 /* ReelRadar.app */,
			);
			name = Products;
			sourceTree = "<group>";
		};
		CA3F73A729EDBCD1005321C8 /* ReelRadar */ = {
			isa = PBXGroup;
			children = (
				CA43B38A29F474D30079A681 /* Extensions */,
				CA3F73B629EDBDA6005321C8 /* Info.plist */,
				CA3F73A829EDBCD1005321C8 /* ReelRadarApp.swift */,
				CA3F73B929EDC097005321C8 /* Models */,
				CA3F73B829EDC087005321C8 /* NetworkManager */,
				CA3F73B729EDC073005321C8 /* Views */,
				CA3F73C929EDF2BB005321C8 /* HomeView */,
				CA3F73AC29EDBCD3005321C8 /* Assets.xcassets */,
				CA3F73AE29EDBCD3005321C8 /* Preview Content */,
				CAF4AB5B29F6C5680019E115 /* Launch Screen.storyboard */,
				CA15E89029F6F09800303889 /* Keys.plist */,
			);
			path = ReelRadar;
			sourceTree = "<group>";
		};
		CA3F73AE29EDBCD3005321C8 /* Preview Content */ = {
			isa = PBXGroup;
			children = (
				CA3F73AF29EDBCD3005321C8 /* Preview Assets.xcassets */,
			);
			path = "Preview Content";
			sourceTree = "<group>";
		};
		CA3F73B729EDC073005321C8 /* Views */ = {
			isa = PBXGroup;
			children = (
				CA3F73C629EDF099005321C8 /* Components */,
				CA3F73BE29EDCDAE005321C8 /* MovieCardOverView.swift */,
				CA3F73C029EDDA3C005321C8 /* MovieListView.swift */,
				CA43B38829F46EB40079A681 /* MovieDetailView.swift */,
			);
			path = Views;
			sourceTree = "<group>";
		};
		CA3F73B829EDC087005321C8 /* NetworkManager */ = {
			isa = PBXGroup;
			children = (
				CA3F73BA29EDC0B4005321C8 /* APIService.swift */,
			);
			path = NetworkManager;
			sourceTree = "<group>";
		};
		CA3F73B929EDC097005321C8 /* Models */ = {
			isa = PBXGroup;
			children = (
				CA3F73BC29EDC3FE005321C8 /* Movie.swift */,
				CA3F73CC29EDF330005321C8 /* HomeTabs.swift */,
				CAF4AB5729F6AC010019E115 /* CreditMember.swift */,
			);
			path = Models;
			sourceTree = "<group>";
		};
		CA3F73C629EDF099005321C8 /* Components */ = {
			isa = PBXGroup;
			children = (
				CA3F73C729EDF0AC005321C8 /* TabButtonStyle.swift */,
				CA8EB35F29F066B700143B77 /* MoviePoster.swift */,
				CA43B38629F4670B0079A681 /* ImageView.swift */,
			);
			path = Components;
			sourceTree = "<group>";
		};
		CA3F73C929EDF2BB005321C8 /* HomeView */ = {
			isa = PBXGroup;
			children = (
				CA3F73AA29EDBCD1005321C8 /* HomeView.swift */,
				CA8EB36329F0708200143B77 /* MovieSection.swift */,
				CA3F73CA29EDF2D7005321C8 /* HomeViewModel.swift */,
			);
			path = HomeView;
			sourceTree = "<group>";
		};
		CA43B38A29F474D30079A681 /* Extensions */ = {
			isa = PBXGroup;
			children = (
				CA43B38B29F474E90079A681 /* String+Extension.swift */,
			);
			path = Extensions;
			sourceTree = "<group>";
		};
/* End PBXGroup section */

/* Begin PBXNativeTarget section */
		CA3F73A429EDBCD1005321C8 /* ReelRadar */ = {
			isa = PBXNativeTarget;
			buildConfigurationList = CA3F73B329EDBCD3005321C8 /* Build configuration list for PBXNativeTarget "ReelRadar" */;
			buildPhases = (
				CA3F73A129EDBCD1005321C8 /* Sources */,
				CA3F73A229EDBCD1005321C8 /* Frameworks */,
				CA3F73A329EDBCD1005321C8 /* Resources */,
			);
			buildRules = (
			);
			dependencies = (
			);
			name = ReelRadar;
			packageProductDependencies = (
				CA4512AC29EF52FC00931F9F /* Kingfisher */,
			);
			productName = ReelRadar;
			productReference = CA3F73A529EDBCD1005321C8 /* ReelRadar.app */;
			productType = "com.apple.product-type.application";
		};
/* End PBXNativeTarget section */

/* Begin PBXProject section */
		CA3F739D29EDBCD1005321C8 /* Project object */ = {
			isa = PBXProject;
			attributes = {
				BuildIndependentTargetsInParallel = 1;
				LastSwiftUpdateCheck = 1420;
				LastUpgradeCheck = 1420;
				TargetAttributes = {
					CA3F73A429EDBCD1005321C8 = {
						CreatedOnToolsVersion = 14.2;
					};
				};
			};
			buildConfigurationList = CA3F73A029EDBCD1005321C8 /* Build configuration list for PBXProject "ReelRadar" */;
			compatibilityVersion = "Xcode 14.0";
			developmentRegion = en;
			hasScannedForEncodings = 0;
			knownRegions = (
				en,
				Base,
			);
			mainGroup = CA3F739C29EDBCD1005321C8;
			packageReferences = (
				CA4512AB29EF52FC00931F9F /* XCRemoteSwiftPackageReference "Kingfisher" */,
			);
			productRefGroup = CA3F73A629EDBCD1005321C8 /* Products */;
			projectDirPath = "";
			projectRoot = "";
			targets = (
				CA3F73A429EDBCD1005321C8 /* ReelRadar */,
			);
		};
/* End PBXProject section */

/* Begin PBXResourcesBuildPhase section */
		CA3F73A329EDBCD1005321C8 /* Resources */ = {
			isa = PBXResourcesBuildPhase;
			buildActionMask = 2147483647;
			files = (
				CA15E89129F6F09800303889 /* Keys.plist in Resources */,
				CAF4AB5C29F6C5680019E115 /* Launch Screen.storyboard in Resources */,
				CA3F73B029EDBCD3005321C8 /* Preview Assets.xcassets in Resources */,
				CA3F73AD29EDBCD3005321C8 /* Assets.xcassets in Resources */,
			);
			runOnlyForDeploymentPostprocessing = 0;
		};
/* End PBXResourcesBuildPhase section */

/* Begin PBXSourcesBuildPhase section */
		CA3F73A129EDBCD1005321C8 /* Sources */ = {
			isa = PBXSourcesBuildPhase;
			buildActionMask = 2147483647;
			files = (
				CA43B38729F4670B0079A681 /* ImageView.swift in Sources */,
				CA3F73AB29EDBCD1005321C8 /* HomeView.swift in Sources */,
				CA3F73CB29EDF2D7005321C8 /* HomeViewModel.swift in Sources */,
				CA8EB36429F0708200143B77 /* MovieSection.swift in Sources */,
				CA3F73C829EDF0AC005321C8 /* TabButtonStyle.swift in Sources */,
				CA3F73A929EDBCD1005321C8 /* ReelRadarApp.swift in Sources */,
				CA3F73CD29EDF330005321C8 /* HomeTabs.swift in Sources */,
				CA43B38929F46EB40079A681 /* MovieDetailView.swift in Sources */,
				CA43B38C29F474E90079A681 /* String+Extension.swift in Sources */,
				CA3F73BD29EDC3FE005321C8 /* Movie.swift in Sources */,
				CA3F73BF29EDCDAE005321C8 /* MovieCardOverView.swift in Sources */,
				CA8EB36029F066B700143B77 /* MoviePoster.swift in Sources */,
				CA3F73BB29EDC0B4005321C8 /* APIService.swift in Sources */,
				CA3F73C129EDDA3C005321C8 /* MovieListView.swift in Sources */,
				CAF4AB5829F6AC010019E115 /* CreditMember.swift in Sources */,
			);
			runOnlyForDeploymentPostprocessing = 0;
		};
/* End PBXSourcesBuildPhase section */

/* Begin XCBuildConfiguration section */
		CA3F73B129EDBCD3005321C8 /* Debug */ = {
			isa = XCBuildConfiguration;
			buildSettings = {
				ALWAYS_SEARCH_USER_PATHS = NO;
				CLANG_ANALYZER_NONNULL = YES;
				CLANG_ANALYZER_NUMBER_OBJECT_CONVERSION = YES_AGGRESSIVE;
				CLANG_CXX_LANGUAGE_STANDARD = "gnu++20";
				CLANG_ENABLE_MODULES = YES;
				CLANG_ENABLE_OBJC_ARC = YES;
				CLANG_ENABLE_OBJC_WEAK = YES;
				CLANG_WARN_BLOCK_CAPTURE_AUTORELEASING = YES;
				CLANG_WARN_BOOL_CONVERSION = YES;
				CLANG_WARN_COMMA = YES;
				CLANG_WARN_CONSTANT_CONVERSION = YES;
				CLANG_WARN_DEPRECATED_OBJC_IMPLEMENTATIONS = YES;
				CLANG_WARN_DIRECT_OBJC_ISA_USAGE = YES_ERROR;
				CLANG_WARN_DOCUMENTATION_COMMENTS = YES;
				CLANG_WARN_EMPTY_BODY = YES;
				CLANG_WARN_ENUM_CONVERSION = YES;
				CLANG_WARN_INFINITE_RECURSION = YES;
				CLANG_WARN_INT_CONVERSION = YES;
				CLANG_WARN_NON_LITERAL_NULL_CONVERSION = YES;
				CLANG_WARN_OBJC_IMPLICIT_RETAIN_SELF = YES;
				CLANG_WARN_OBJC_LITERAL_CONVERSION = YES;
				CLANG_WARN_OBJC_ROOT_CLASS = YES_ERROR;
				CLANG_WARN_QUOTED_INCLUDE_IN_FRAMEWORK_HEADER = YES;
				CLANG_WARN_RANGE_LOOP_ANALYSIS = YES;
				CLANG_WARN_STRICT_PROTOTYPES = YES;
				CLANG_WARN_SUSPICIOUS_MOVE = YES;
				CLANG_WARN_UNGUARDED_AVAILABILITY = YES_AGGRESSIVE;
				CLANG_WARN_UNREACHABLE_CODE = YES;
				CLANG_WARN__DUPLICATE_METHOD_MATCH = YES;
				COPY_PHASE_STRIP = NO;
				DEBUG_INFORMATION_FORMAT = dwarf;
				ENABLE_STRICT_OBJC_MSGSEND = YES;
				ENABLE_TESTABILITY = YES;
				GCC_C_LANGUAGE_STANDARD = gnu11;
				GCC_DYNAMIC_NO_PIC = NO;
				GCC_NO_COMMON_BLOCKS = YES;
				GCC_OPTIMIZATION_LEVEL = 0;
				GCC_PREPROCESSOR_DEFINITIONS = (
					"DEBUG=1",
					"$(inherited)",
				);
				GCC_WARN_64_TO_32_BIT_CONVERSION = YES;
				GCC_WARN_ABOUT_RETURN_TYPE = YES_ERROR;
				GCC_WARN_UNDECLARED_SELECTOR = YES;
				GCC_WARN_UNINITIALIZED_AUTOS = YES_AGGRESSIVE;
				GCC_WARN_UNUSED_FUNCTION = YES;
				GCC_WARN_UNUSED_VARIABLE = YES;
				IPHONEOS_DEPLOYMENT_TARGET = 16.2;
				MTL_ENABLE_DEBUG_INFO = INCLUDE_SOURCE;
				MTL_FAST_MATH = YES;
				ONLY_ACTIVE_ARCH = YES;
				SDKROOT = iphoneos;
				SWIFT_ACTIVE_COMPILATION_CONDITIONS = DEBUG;
				SWIFT_OPTIMIZATION_LEVEL = "-Onone";
			};
			name = Debug;
		};
		CA3F73B229EDBCD3005321C8 /* Release */ = {
			isa = XCBuildConfiguration;
			buildSettings = {
				ALWAYS_SEARCH_USER_PATHS = NO;
				CLANG_ANALYZER_NONNULL = YES;
				CLANG_ANALYZER_NUMBER_OBJECT_CONVERSION = YES_AGGRESSIVE;
				CLANG_CXX_LANGUAGE_STANDARD = "gnu++20";
				CLANG_ENABLE_MODULES = YES;
				CLANG_ENABLE_OBJC_ARC = YES;
				CLANG_ENABLE_OBJC_WEAK = YES;
				CLANG_WARN_BLOCK_CAPTURE_AUTORELEASING = YES;
				CLANG_WARN_BOOL_CONVERSION = YES;
				CLANG_WARN_COMMA = YES;
				CLANG_WARN_CONSTANT_CONVERSION = YES;
				CLANG_WARN_DEPRECATED_OBJC_IMPLEMENTATIONS = YES;
				CLANG_WARN_DIRECT_OBJC_ISA_USAGE = YES_ERROR;
				CLANG_WARN_DOCUMENTATION_COMMENTS = YES;
				CLANG_WARN_EMPTY_BODY = YES;
				CLANG_WARN_ENUM_CONVERSION = YES;
				CLANG_WARN_INFINITE_RECURSION = YES;
				CLANG_WARN_INT_CONVERSION = YES;
				CLANG_WARN_NON_LITERAL_NULL_CONVERSION = YES;
				CLANG_WARN_OBJC_IMPLICIT_RETAIN_SELF = YES;
				CLANG_WARN_OBJC_LITERAL_CONVERSION = YES;
				CLANG_WARN_OBJC_ROOT_CLASS = YES_ERROR;
				CLANG_WARN_QUOTED_INCLUDE_IN_FRAMEWORK_HEADER = YES;
				CLANG_WARN_RANGE_LOOP_ANALYSIS = YES;
				CLANG_WARN_STRICT_PROTOTYPES = YES;
				CLANG_WARN_SUSPICIOUS_MOVE = YES;
				CLANG_WARN_UNGUARDED_AVAILABILITY = YES_AGGRESSIVE;
				CLANG_WARN_UNREACHABLE_CODE = YES;
				CLANG_WARN__DUPLICATE_METHOD_MATCH = YES;
				COPY_PHASE_STRIP = NO;
				DEBUG_INFORMATION_FORMAT = "dwarf-with-dsym";
				ENABLE_NS_ASSERTIONS = NO;
				ENABLE_STRICT_OBJC_MSGSEND = YES;
				GCC_C_LANGUAGE_STANDARD = gnu11;
				GCC_NO_COMMON_BLOCKS = YES;
				GCC_WARN_64_TO_32_BIT_CONVERSION = YES;
				GCC_WARN_ABOUT_RETURN_TYPE = YES_ERROR;
				GCC_WARN_UNDECLARED_SELECTOR = YES;
				GCC_WARN_UNINITIALIZED_AUTOS = YES_AGGRESSIVE;
				GCC_WARN_UNUSED_FUNCTION = YES;
				GCC_WARN_UNUSED_VARIABLE = YES;
				IPHONEOS_DEPLOYMENT_TARGET = 16.2;
				MTL_ENABLE_DEBUG_INFO = NO;
				MTL_FAST_MATH = YES;
				SDKROOT = iphoneos;
				SWIFT_COMPILATION_MODE = wholemodule;
				SWIFT_OPTIMIZATION_LEVEL = "-O";
				VALIDATE_PRODUCT = YES;
			};
			name = Release;
		};
		CA3F73B429EDBCD3005321C8 /* Debug */ = {
			isa = XCBuildConfiguration;
			buildSettings = {
				ASSETCATALOG_COMPILER_APPICON_NAME = AppIcon;
				ASSETCATALOG_COMPILER_GLOBAL_ACCENT_COLOR_NAME = AccentColor;
				CODE_SIGN_STYLE = Automatic;
				CURRENT_PROJECT_VERSION = 1;
				DEVELOPMENT_ASSET_PATHS = "\"ReelRadar/Preview Content\"";
				DEVELOPMENT_TEAM = YPU23UZ4AQ;
				ENABLE_PREVIEWS = YES;
				GENERATE_INFOPLIST_FILE = YES;
				INFOPLIST_FILE = ReelRadar/Info.plist;
				INFOPLIST_KEY_UIApplicationSupportsIndirectInputEvents = YES;
				INFOPLIST_KEY_UILaunchScreen_Generation = YES;
				INFOPLIST_KEY_UILaunchStoryboardName = "Launch Screen.storyboard";
				INFOPLIST_KEY_UISupportedInterfaceOrientations_iPad = "UIInterfaceOrientationPortrait UIInterfaceOrientationPortraitUpsideDown UIInterfaceOrientationLandscapeLeft UIInterfaceOrientationLandscapeRight";
				INFOPLIST_KEY_UISupportedInterfaceOrientations_iPhone = "UIInterfaceOrientationPortrait UIInterfaceOrientationLandscapeLeft UIInterfaceOrientationLandscapeRight";
				LD_RUNPATH_SEARCH_PATHS = (
					"$(inherited)",
					"@executable_path/Frameworks",
				);
				MARKETING_VERSION = 1.0;
				PRODUCT_BUNDLE_IDENTIFIER = com.codhash.ReelRadar;
				PRODUCT_NAME = "$(TARGET_NAME)";
				SWIFT_EMIT_LOC_STRINGS = YES;
				SWIFT_VERSION = 5.0;
				TARGETED_DEVICE_FAMILY = "1,2";
			};
			name = Debug;
		};
		CA3F73B529EDBCD3005321C8 /* Release */ = {
			isa = XCBuildConfiguration;
			buildSettings = {
				ASSETCATALOG_COMPILER_APPICON_NAME = AppIcon;
				ASSETCATALOG_COMPILER_GLOBAL_ACCENT_COLOR_NAME = AccentColor;
				CODE_SIGN_STYLE = Automatic;
				CURRENT_PROJECT_VERSION = 1;
				DEVELOPMENT_ASSET_PATHS = "\"ReelRadar/Preview Content\"";
				DEVELOPMENT_TEAM = YPU23UZ4AQ;
				ENABLE_PREVIEWS = YES;
				GENERATE_INFOPLIST_FILE = YES;
				INFOPLIST_FILE = ReelRadar/Info.plist;
				INFOPLIST_KEY_UIApplicationSupportsIndirectInputEvents = YES;
				INFOPLIST_KEY_UILaunchScreen_Generation = YES;
				INFOPLIST_KEY_UILaunchStoryboardName = "Launch Screen.storyboard";
				INFOPLIST_KEY_UISupportedInterfaceOrientations_iPad = "UIInterfaceOrientationPortrait UIInterfaceOrientationPortraitUpsideDown UIInterfaceOrientationLandscapeLeft UIInterfaceOrientationLandscapeRight";
				INFOPLIST_KEY_UISupportedInterfaceOrientations_iPhone = "UIInterfaceOrientationPortrait UIInterfaceOrientationLandscapeLeft UIInterfaceOrientationLandscapeRight";
				LD_RUNPATH_SEARCH_PATHS = (
					"$(inherited)",
					"@executable_path/Frameworks",
				);
				MARKETING_VERSION = 1.0;
				PRODUCT_BUNDLE_IDENTIFIER = com.codhash.ReelRadar;
				PRODUCT_NAME = "$(TARGET_NAME)";
				SWIFT_EMIT_LOC_STRINGS = YES;
				SWIFT_VERSION = 5.0;
				TARGETED_DEVICE_FAMILY = "1,2";
			};
			name = Release;
		};
/* End XCBuildConfiguration section */

/* Begin XCConfigurationList section */
		CA3F73A029EDBCD1005321C8 /* Build configuration list for PBXProject "ReelRadar" */ = {
			isa = XCConfigurationList;
			buildConfigurations = (
				CA3F73B129EDBCD3005321C8 /* Debug */,
				CA3F73B229EDBCD3005321C8 /* Release */,
			);
			defaultConfigurationIsVisible = 0;
			defaultConfigurationName = Release;
		};
		CA3F73B329EDBCD3005321C8 /* Build configuration list for PBXNativeTarget "ReelRadar" */ = {
			isa = XCConfigurationList;
			buildConfigurations = (
				CA3F73B429EDBCD3005321C8 /* Debug */,
				CA3F73B529EDBCD3005321C8 /* Release */,
			);
			defaultConfigurationIsVisible = 0;
			defaultConfigurationName = Release;
		};
/* End XCConfigurationList section */

/* Begin XCRemoteSwiftPackageReference section */
		CA4512AB29EF52FC00931F9F /* XCRemoteSwiftPackageReference "Kingfisher" */ = {
			isa = XCRemoteSwiftPackageReference;
			repositoryURL = "https://github.com/onevcat/Kingfisher.git";
			requirement = {
				kind = upToNextMajorVersion;
				minimumVersion = 7.0.0;
			};
		};
/* End XCRemoteSwiftPackageReference section */

/* Begin XCSwiftPackageProductDependency section */
		CA4512AC29EF52FC00931F9F /* Kingfisher */ = {
			isa = XCSwiftPackageProductDependency;
			package = CA4512AB29EF52FC00931F9F /* XCRemoteSwiftPackageReference "Kingfisher" */;
			productName = Kingfisher;
		};
/* End XCSwiftPackageProductDependency section */
	};
	rootObject = CA3F739D29EDBCD1005321C8 /* Project object */;
}
